
Microsoft Visual Studio Solution File, Format Version 12.00
# Visual Studio Version 17
VisualStudioVersion = 17.3.32901.215
MinimumVisualStudioVersion = 10.0.40219.1
Project("{FAE04EC0-301F-11D3-BF4B-00C04F79EFBC}") = "FadeCinema", "FadeCinema\FadeCinema.csproj", "{C04779C1-9CAA-412C-B3DC-C1781879069B}"
EndProject
Global
	GlobalSection(SolutionConfigurationPlatforms) = preSolution
		Debug|Any CPU = Debug|Any CPU
		Release|Any CPU = Release|Any CPU
	EndGlobalSection
	GlobalSection(ProjectConfigurationPlatforms) = postSolution
		{C04779C1-9CAA-412C-B3DC-C1781879069B}.Debug|Any CPU.ActiveCfg = Debug|Any CPU
		{C04779C1-9CAA-412C-B3DC-C1781879069B}.Debug|Any CPU.Build.0 = Debug|Any CPU
		{C04779C1-9CAA-412C-B3DC-C1781879069B}.Release|Any CPU.ActiveCfg = Release|Any CPU
		{C04779C1-9CAA-412C-B3DC-C1781879069B}.Release|Any CPU.Build.0 = Release|Any CPU
	EndGlobalSection
	GlobalSection(SolutionProperties) = preSolution
		HideSolutionNode = FALSE
	EndGlobalSection
	GlobalSection(ExtensibilityGlobals) = postSolution
		SolutionGuid = {7247FDE6-6B6D-459C-BFEE-9A00AA133A93}
	EndGlobalSection
EndGlobal
